
Microsoft Visual Studio Solution File, Format Version 12.00
# Visual Studio Version 16
VisualStudioVersion = 16.0.30907.101
MinimumVisualStudioVersion = 10.0.40219.1
Project("{E24C65DC-7377-472B-9ABA-BC803B73C61A}") = "btv", "http://localhost/btv", "{11D3D1BA-8E91-4786-BC83-20FB9516F52B}"
	ProjectSection(WebsiteProperties) = preProject
		UseIISExpress = "false"
		TargetFrameworkMoniker = ".NETFramework,Version%3Dv4.5"
		Debug.AspNetCompiler.VirtualPath = "/btv"
		Debug.AspNetCompiler.PhysicalPath = "btv\"
		Debug.AspNetCompiler.TargetPath = "PrecompiledWeb\btv\"
		Debug.AspNetCompiler.Updateable = "true"
		Debug.AspNetCompiler.ForceOverwrite = "true"
		Debug.AspNetCompiler.FixedNames = "false"
		Debug.AspNetCompiler.Debug = "True"
		Release.AspNetCompiler.VirtualPath = "/btv"
		Release.AspNetCompiler.PhysicalPath = "btv\"
		Release.AspNetCompiler.TargetPath = "PrecompiledWeb\btv\"
		Release.AspNetCompiler.Updateable = "true"
		Release.AspNetCompiler.ForceOverwrite = "true"
		Release.AspNetCompiler.FixedNames = "false"
		Release.AspNetCompiler.Debug = "False"
		SlnRelativePath = "btv\"
	EndProjectSection
EndProject
Project("{FAE04EC0-301F-11D3-BF4B-00C04F79EFBC}") = "Analytics", "Analytics\Analytics.csproj", "{994FF9F2-AF42-47CA-8CCC-57F475C72FD6}"
EndProject
Global
	GlobalSection(SolutionConfigurationPlatforms) = preSolution
		Debug|Any CPU = Debug|Any CPU
		Release|Any CPU = Release|Any CPU
	EndGlobalSection
	GlobalSection(ProjectConfigurationPlatforms) = postSolution
		{11D3D1BA-8E91-4786-BC83-20FB9516F52B}.Debug|Any CPU.ActiveCfg = Debug|Any CPU
		{11D3D1BA-8E91-4786-BC83-20FB9516F52B}.Debug|Any CPU.Build.0 = Debug|Any CPU
		{11D3D1BA-8E91-4786-BC83-20FB9516F52B}.Release|Any CPU.ActiveCfg = Debug|Any CPU
		{11D3D1BA-8E91-4786-BC83-20FB9516F52B}.Release|Any CPU.Build.0 = Debug|Any CPU
		{994FF9F2-AF42-47CA-8CCC-57F475C72FD6}.Debug|Any CPU.ActiveCfg = Debug|Any CPU
		{994FF9F2-AF42-47CA-8CCC-57F475C72FD6}.Debug|Any CPU.Build.0 = Debug|Any CPU
		{994FF9F2-AF42-47CA-8CCC-57F475C72FD6}.Release|Any CPU.ActiveCfg = Release|Any CPU
		{994FF9F2-AF42-47CA-8CCC-57F475C72FD6}.Release|Any CPU.Build.0 = Release|Any CPU
	EndGlobalSection
	GlobalSection(SolutionProperties) = preSolution
		HideSolutionNode = FALSE
	EndGlobalSection
	GlobalSection(ExtensibilityGlobals) = postSolution
		SolutionGuid = {06070820-E7C3-45C9-B852-083F3655FDA5}
	EndGlobalSection
EndGlobal
